
Microsoft Visual Studio Solution File, Format Version 12.00
# Visual Studio Version 16
VisualStudioVersion = 16.0.808.5
MinimumVisualStudioVersion = 10.0.40219.1
Project("{2150E333-8FDC-42A3-9474-1A3956D46DE8}") = "src", "src", "{2877F506-C0D5-4C81-A4DD-B758690BE13C}"
EndProject
Project("{2150E333-8FDC-42A3-9474-1A3956D46DE8}") = "Catalog", "Catalog", "{518D4FC0-1774-4DE6-B89C-AD5AC86E4142}"
EndProject
Project("{FAE04EC0-301F-11D3-BF4B-00C04F79EFBC}") = "Catalog.API", "src\Catalog\Catalog.API\Catalog.API.csproj", "{9B438511-8CAF-4DE9-95F4-D90D77E3370C}"
EndProject
Project("{E53339B2-1760-4266-BCC7-CA923CBCF16C}") = "docker-compose", "docker-compose.dcproj", "{DD2CA797-DBDB-4481-A7C6-32BCD73A8B5A}"
EndProject
Project("{2150E333-8FDC-42A3-9474-1A3956D46DE8}") = "Basket", "Basket", "{E240F534-BE01-4230-B791-9CD3D3BC5D3B}"
EndProject
Project("{FAE04EC0-301F-11D3-BF4B-00C04F79EFBC}") = "Basket.API", "src\Basket\Basket.API\Basket.API.csproj", "{A4101577-DB0A-4124-9960-85C3FCBABA20}"
EndProject
Project("{2150E333-8FDC-42A3-9474-1A3956D46DE8}") = "Common", "Common", "{4B419463-8DD0-46D6-8CFE-97F6CED69E6E}"
EndProject
Project("{FAE04EC0-301F-11D3-BF4B-00C04F79EFBC}") = "EventBusRabbitMQ", "src\Common\EventBusRabbitMQ\EventBusRabbitMQ.csproj", "{556D8274-A5AA-4E2F-81AF-0D49EB23B9DD}"
EndProject
Project("{2150E333-8FDC-42A3-9474-1A3956D46DE8}") = "Ordering", "Ordering", "{362A5651-8C57-42A8-B322-FD1B09040986}"
EndProject
Project("{FAE04EC0-301F-11D3-BF4B-00C04F79EFBC}") = "Ordering.API", "src\Ordering\Ordering.API\Ordering.API.csproj", "{95A9C03D-7332-40E8-9073-D44C2CF1B5EC}"
EndProject
Project("{FAE04EC0-301F-11D3-BF4B-00C04F79EFBC}") = "Ordering.Core", "src\Ordering\Ordering.Core\Ordering.Core.csproj", "{A8D4081D-819B-4125-8278-BC81277FDCE2}"
EndProject
Project("{FAE04EC0-301F-11D3-BF4B-00C04F79EFBC}") = "Ordering.Infrastructure", "src\Ordering\Ordering.Infrastructure\Ordering.Infrastructure.csproj", "{830FA955-E753-479A-B066-48A6D9CDF409}"
EndProject
Project("{FAE04EC0-301F-11D3-BF4B-00C04F79EFBC}") = "Ordering.Application", "src\Ordering\Ordering.Application\Ordering.Application.csproj", "{7009ACFE-C500-438D-BBA4-EFFBC1438DFB}"
EndProject
Project("{2150E333-8FDC-42A3-9474-1A3956D46DE8}") = "ApiGateway", "ApiGateway", "{B00FB2AF-AB57-479B-9DDD-03231AC35651}"
EndProject
Project("{FAE04EC0-301F-11D3-BF4B-00C04F79EFBC}") = "OcelotAPIGateway", "src\ApiGateway\OcelotAPIGateway\OcelotAPIGateway.csproj", "{22E681FF-EE14-46B5-8347-BF5A8705B579}"
EndProject
Project("{2150E333-8FDC-42A3-9474-1A3956D46DE8}") = "WebApp", "WebApp", "{BC26A640-87F8-44AA-A45C-9829EC331C9E}"
EndProject
Project("{FAE04EC0-301F-11D3-BF4B-00C04F79EFBC}") = "ShoppingWeb", "src\WebApp\ShoppingWeb\ShoppingWeb.csproj", "{1596148F-1B27-4925-B2F2-C3547EB9490B}"
EndProject
Global
	GlobalSection(SolutionConfigurationPlatforms) = preSolution
		Debug|Any CPU = Debug|Any CPU
		Release|Any CPU = Release|Any CPU
	EndGlobalSection
	GlobalSection(ProjectConfigurationPlatforms) = postSolution
		{9B438511-8CAF-4DE9-95F4-D90D77E3370C}.Debug|Any CPU.ActiveCfg = Debug|Any CPU
		{9B438511-8CAF-4DE9-95F4-D90D77E3370C}.Debug|Any CPU.Build.0 = Debug|Any CPU
		{9B438511-8CAF-4DE9-95F4-D90D77E3370C}.Release|Any CPU.ActiveCfg = Release|Any CPU
		{9B438511-8CAF-4DE9-95F4-D90D77E3370C}.Release|Any CPU.Build.0 = Release|Any CPU
		{DD2CA797-DBDB-4481-A7C6-32BCD73A8B5A}.Debug|Any CPU.ActiveCfg = Debug|Any CPU
		{DD2CA797-DBDB-4481-A7C6-32BCD73A8B5A}.Debug|Any CPU.Build.0 = Debug|Any CPU
		{DD2CA797-DBDB-4481-A7C6-32BCD73A8B5A}.Release|Any CPU.ActiveCfg = Release|Any CPU
		{DD2CA797-DBDB-4481-A7C6-32BCD73A8B5A}.Release|Any CPU.Build.0 = Release|Any CPU
		{A4101577-DB0A-4124-9960-85C3FCBABA20}.Debug|Any CPU.ActiveCfg = Debug|Any CPU
		{A4101577-DB0A-4124-9960-85C3FCBABA20}.Debug|Any CPU.Build.0 = Debug|Any CPU
		{A4101577-DB0A-4124-9960-85C3FCBABA20}.Release|Any CPU.ActiveCfg = Release|Any CPU
		{A4101577-DB0A-4124-9960-85C3FCBABA20}.Release|Any CPU.Build.0 = Release|Any CPU
		{556D8274-A5AA-4E2F-81AF-0D49EB23B9DD}.Debug|Any CPU.ActiveCfg = Debug|Any CPU
		{556D8274-A5AA-4E2F-81AF-0D49EB23B9DD}.Debug|Any CPU.Build.0 = Debug|Any CPU
		{556D8274-A5AA-4E2F-81AF-0D49EB23B9DD}.Release|Any CPU.ActiveCfg = Release|Any CPU
		{556D8274-A5AA-4E2F-81AF-0D49EB23B9DD}.Release|Any CPU.Build.0 = Release|Any CPU
		{95A9C03D-7332-40E8-9073-D44C2CF1B5EC}.Debug|Any CPU.ActiveCfg = Debug|Any CPU
		{95A9C03D-7332-40E8-9073-D44C2CF1B5EC}.Debug|Any CPU.Build.0 = Debug|Any CPU
		{95A9C03D-7332-40E8-9073-D44C2CF1B5EC}.Release|Any CPU.ActiveCfg = Release|Any CPU
		{95A9C03D-7332-40E8-9073-D44C2CF1B5EC}.Release|Any CPU.Build.0 = Release|Any CPU
		{A8D4081D-819B-4125-8278-BC81277FDCE2}.Debug|Any CPU.ActiveCfg = Debug|Any CPU
		{A8D4081D-819B-4125-8278-BC81277FDCE2}.Debug|Any CPU.Build.0 = Debug|Any CPU
		{A8D4081D-819B-4125-8278-BC81277FDCE2}.Release|Any CPU.ActiveCfg = Release|Any CPU
		{A8D4081D-819B-4125-8278-BC81277FDCE2}.Release|Any CPU.Build.0 = Release|Any CPU
		{830FA955-E753-479A-B066-48A6D9CDF409}.Debug|Any CPU.ActiveCfg = Debug|Any CPU
		{830FA955-E753-479A-B066-48A6D9CDF409}.Debug|Any CPU.Build.0 = Debug|Any CPU
		{830FA955-E753-479A-B066-48A6D9CDF409}.Release|Any CPU.ActiveCfg = Release|Any CPU
		{830FA955-E753-479A-B066-48A6D9CDF409}.Release|Any CPU.Build.0 = Release|Any CPU
		{7009ACFE-C500-438D-BBA4-EFFBC1438DFB}.Debug|Any CPU.ActiveCfg = Debug|Any CPU
		{7009ACFE-C500-438D-BBA4-EFFBC1438DFB}.Debug|Any CPU.Build.0 = Debug|Any CPU
		{7009ACFE-C500-438D-BBA4-EFFBC1438DFB}.Release|Any CPU.ActiveCfg = Release|Any CPU
		{7009ACFE-C500-438D-BBA4-EFFBC1438DFB}.Release|Any CPU.Build.0 = Release|Any CPU
		{22E681FF-EE14-46B5-8347-BF5A8705B579}.Debug|Any CPU.ActiveCfg = Debug|Any CPU
		{22E681FF-EE14-46B5-8347-BF5A8705B579}.Debug|Any CPU.Build.0 = Debug|Any CPU
		{22E681FF-EE14-46B5-8347-BF5A8705B579}.Release|Any CPU.ActiveCfg = Release|Any CPU
		{22E681FF-EE14-46B5-8347-BF5A8705B579}.Release|Any CPU.Build.0 = Release|Any CPU
		{1596148F-1B27-4925-B2F2-C3547EB9490B}.Debug|Any CPU.ActiveCfg = Debug|Any CPU
		{1596148F-1B27-4925-B2F2-C3547EB9490B}.Debug|Any CPU.Build.0 = Debug|Any CPU
		{1596148F-1B27-4925-B2F2-C3547EB9490B}.Release|Any CPU.ActiveCfg = Release|Any CPU
		{1596148F-1B27-4925-B2F2-C3547EB9490B}.Release|Any CPU.Build.0 = Release|Any CPU
	EndGlobalSection
	GlobalSection(SolutionProperties) = preSolution
		HideSolutionNode = FALSE
	EndGlobalSection
	GlobalSection(ExtensibilityGlobals) = postSolution
		SolutionGuid = {6E26B75D-1439-40FC-9147-409DE55840F2}
	EndGlobalSection
	GlobalSection(NestedProjects) = preSolution
		{518D4FC0-1774-4DE6-B89C-AD5AC86E4142} = {2877F506-C0D5-4C81-A4DD-B758690BE13C}
		{9B438511-8CAF-4DE9-95F4-D90D77E3370C} = {518D4FC0-1774-4DE6-B89C-AD5AC86E4142}
		{E240F534-BE01-4230-B791-9CD3D3BC5D3B} = {2877F506-C0D5-4C81-A4DD-B758690BE13C}
		{A4101577-DB0A-4124-9960-85C3FCBABA20} = {E240F534-BE01-4230-B791-9CD3D3BC5D3B}
		{4B419463-8DD0-46D6-8CFE-97F6CED69E6E} = {2877F506-C0D5-4C81-A4DD-B758690BE13C}
		{556D8274-A5AA-4E2F-81AF-0D49EB23B9DD} = {4B419463-8DD0-46D6-8CFE-97F6CED69E6E}
		{362A5651-8C57-42A8-B322-FD1B09040986} = {2877F506-C0D5-4C81-A4DD-B758690BE13C}
		{95A9C03D-7332-40E8-9073-D44C2CF1B5EC} = {362A5651-8C57-42A8-B322-FD1B09040986}
		{A8D4081D-819B-4125-8278-BC81277FDCE2} = {362A5651-8C57-42A8-B322-FD1B09040986}
		{830FA955-E753-479A-B066-48A6D9CDF409} = {362A5651-8C57-42A8-B322-FD1B09040986}
		{7009ACFE-C500-438D-BBA4-EFFBC1438DFB} = {362A5651-8C57-42A8-B322-FD1B09040986}
		{B00FB2AF-AB57-479B-9DDD-03231AC35651} = {2877F506-C0D5-4C81-A4DD-B758690BE13C}
		{22E681FF-EE14-46B5-8347-BF5A8705B579} = {B00FB2AF-AB57-479B-9DDD-03231AC35651}
		{BC26A640-87F8-44AA-A45C-9829EC331C9E} = {2877F506-C0D5-4C81-A4DD-B758690BE13C}
		{1596148F-1B27-4925-B2F2-C3547EB9490B} = {BC26A640-87F8-44AA-A45C-9829EC331C9E}
	EndGlobalSection
	GlobalSection(MonoDevelopProperties) = preSolution
		Policies = $0
		$0.VersionControlPolicy = $1
	EndGlobalSection
EndGlobal
